PODS:
  - Flutter (1.0.0)
  - flutter_secure_storage_darwin (10.0.0):
    - Flutter
    - FlutterMacOS
  - image_picker_ios (0.0.1):
    - Flutter
  - path_provider_foundation (0.0.1):
    - Flutter
    - FlutterMacOS
  - shared_preferences_foundation (0.0.1):
    - Flutter
    - FlutterMacOS
  - sqflite_darwin (0.0.4):
    - Flutter
    - FlutterMacOS
  - Stripe (25.0.1):
    - StripeApplePay (= 25.0.1)
    - StripeCore (= 25.0.1)
    - StripePayments (= 25.0.1)
    - StripePaymentsUI (= 25.0.1)
    - StripeUICore (= 25.0.1)
  - stripe_ios (0.0.1):
    - Flutter
    - Stripe (~> 25.0.1)
    - stripe_ios/stripe_ios (= 0.0.1)
    - stripe_ios/stripe_objc (= 0.0.1)
    - StripeApplePay (~> 25.0.1)
    - StripeFinancialConnections (~> 25.0.1)
    - StripePayments (~> 25.0.1)
    - StripePaymentSheet (~> 25.0.1)
    - StripePaymentsUI (~> 25.0.1)
  - stripe_ios/stripe_ios (0.0.1):
    - Flutter
    - Stripe (~> 25.0.1)
    - stripe_ios/stripe_objc
    - StripeApplePay (~> 25.0.1)
    - StripeFinancialConnections (~> 25.0.1)
    - StripePayments (~> 25.0.1)
    - StripePaymentSheet (~> 25.0.1)
    - StripePaymentsUI (~> 25.0.1)
  - stripe_ios/stripe_objc (0.0.1):
    - Flutter
    - Stripe (~> 25.0.1)
    - StripeApplePay (~> 25.0.1)
    - StripeFinancialConnections (~> 25.0.1)
    - StripePayments (~> 25.0.1)
    - StripePaymentSheet (~> 25.0.1)
    - StripePaymentsUI (~> 25.0.1)
  - StripeApplePay (25.0.1):
    - StripeCore (= 25.0.1)
  - StripeCore (25.0.1)
  - StripeFinancialConnections (25.0.1):
    - StripeCore (= 25.0.1)
    - StripeUICore (= 25.0.1)
  - StripePayments (25.0.1):
    - StripeCore (= 25.0.1)
    - StripePayments/Stripe3DS2 (= 25.0.1)
  - StripePayments/Stripe3DS2 (25.0.1):
    - StripeCore (= 25.0.1)
  - StripePaymentSheet (25.0.1):
    - StripeApplePay (= 25.0.1)
    - StripeCore (= 25.0.1)
    - StripePayments (= 25.0.1)
    - StripePaymentsUI (= 25.0.1)
  - StripePaymentsUI (25.0.1):
    - StripeCore (= 25.0.1)
    - StripePayments (= 25.0.1)
    - StripeUICore (= 25.0.1)
  - StripeUICore (25.0.1):
    - StripeCore (= 25.0.1)

DEPENDENCIES:
  - Flutter (from `Flutter`)
  - flutter_secure_storage_darwin (from `.symlinks/plugins/flutter_secure_storage_darwin/darwin`)
  - image_picker_ios (from `.symlinks/plugins/image_picker_ios/ios`)
  - path_provider_foundation (from `.symlinks/plugins/path_provider_foundation/darwin`)
  - shared_preferences_foundation (from `.symlinks/plugins/shared_preferences_foundation/darwin`)
  - sqflite_darwin (from `.symlinks/plugins/sqflite_darwin/darwin`)
  - stripe_ios (from `.symlinks/plugins/stripe_ios/ios`)

SPEC REPOS:
  trunk:
    - Stripe
    - StripeApplePay
    - StripeCore
    - StripeFinancialConnections
    - StripePayments
    - StripePaymentSheet
    - StripePaymentsUI
    - StripeUICore

EXTERNAL SOURCES:
  Flutter:
    :path: Flutter
  flutter_secure_storage_darwin:
    :path: ".symlinks/plugins/flutter_secure_storage_darwin/darwin"
  image_picker_ios:
    :path: ".symlinks/plugins/image_picker_ios/ios"
  path_provider_foundation:
    :path: ".symlinks/plugins/path_provider_foundation/darwin"
  shared_preferences_foundation:
    :path: ".symlinks/plugins/shared_preferences_foundation/darwin"
  sqflite_darwin:
    :path: ".symlinks/plugins/sqflite_darwin/darwin"
  stripe_ios:
    :path: ".symlinks/plugins/stripe_ios/ios"

SPEC CHECKSUMS:
  Flutter: cabc95a1d2626b1b06e7179b784ebcf0c0cde467
  flutter_secure_storage_darwin: 557817588b80e60213cbecb573c45c76b788018d
  image_picker_ios: 4f2f91b01abdb52842a8e277617df877e40f905b
  path_provider_foundation: 0b743cbb62d8e47eab856f09262bb8c1ddcfe6ba
  shared_preferences_foundation: 5086985c1d43c5ba4d5e69a4e8083a389e2909e6
  sqflite_darwin: 5a7236e3b501866c1c9befc6771dfd73ffb8702d
  Stripe: 4728e3e0dd8df134e4a420ab504e929a93a815f0
  stripe_ios: c552a249333c2e810e02539140dba366c7f0683f
  StripeApplePay: 43997281ace138a1c75a8f2d7be11925ea28644c
  StripeCore: 457c30e2fd3a7c4b274a5ad53d1ff03661eef2a0
  StripeFinancialConnections: 8c2e326f767fb014b53174b3a5f8592c0a45fa56
  StripePayments: 6955de4298a5265e66f02cffcc7954475ac7f6c8
  StripePaymentSheet: 3f93ce6ea84afde770d3c7e18a9b8f99aed63896
  StripePaymentsUI: 626726a01255a6458c35436f7f6431dacee82684
  StripeUICore: 30f8352fd7a5cf1541b7777a57b3ad1133bf6763

PODFILE CHECKSUM: e30f02f9d1c72c47bb6344a0a748c9d268180865

COCOAPODS: 1.16.2
